
Microsoft Visual Studio Solution File, Format Version 12.00
# Visual Studio Version 16
VisualStudioVersion = 16.0.30011.22
MinimumVisualStudioVersion = 10.0.40219.1
Project("{9A19103F-16F7-4668-BE54-9A1E7A4F7556}") = "SampleData", "SampleData\SampleData.csproj", "{1C0F443E-8DB8-48B6-9B50-77956AA2E373}"
EndProject
Project("{9A19103F-16F7-4668-BE54-9A1E7A4F7556}") = "ExcelFundementalsEvalution", "Fundementals\Evalution\ExcelFundementalsEvalution.csproj", "{DE868897-C71E-48D1-8CEF-17F63F5D2610}"
EndProject
Global
	GlobalSection(SolutionConfigurationPlatforms) = preSolution
		Debug|Any CPU = Debug|Any CPU
		Release|Any CPU = Release|Any CPU
	EndGlobalSection
	GlobalSection(ProjectConfigurationPlatforms) = postSolution
		{1C0F443E-8DB8-48B6-9B50-77956AA2E373}.Debug|Any CPU.ActiveCfg = Debug|Any CPU
		{1C0F443E-8DB8-48B6-9B50-77956AA2E373}.Debug|Any CPU.Build.0 = Debug|Any CPU
		{1C0F443E-8DB8-48B6-9B50-77956AA2E373}.Release|Any CPU.ActiveCfg = Release|Any CPU
		{1C0F443E-8DB8-48B6-9B50-77956AA2E373}.Release|Any CPU.Build.0 = Release|Any CPU
		{DE868897-C71E-48D1-8CEF-17F63F5D2610}.Debug|Any CPU.ActiveCfg = Debug|Any CPU
		{DE868897-C71E-48D1-8CEF-17F63F5D2610}.Debug|Any CPU.Build.0 = Debug|Any CPU
		{DE868897-C71E-48D1-8CEF-17F63F5D2610}.Release|Any CPU.ActiveCfg = Release|Any CPU
		{DE868897-C71E-48D1-8CEF-17F63F5D2610}.Release|Any CPU.Build.0 = Release|Any CPU
	EndGlobalSection
	GlobalSection(SolutionProperties) = preSolution
		HideSolutionNode = FALSE
	EndGlobalSection
	GlobalSection(ExtensibilityGlobals) = postSolution
		SolutionGuid = {A22EDC50-56C0-4654-86C4-9334F8B85D28}
	EndGlobalSection
EndGlobal
